<?xml version="1.0" encoding="utf-8"?>
<Project ToolsVersion="4.0" xmlns="http://schemas.microsoft.com/developer/msbuild/2003">
  <ItemGroup>
    <Filter Include="Source Files">
      <UniqueIdentifier>{4FC737F1-C7A5-4376-A066-2A32D752A2FF}</UniqueIdentifier>
      <Extensions>cpp;c;cc;cxx;def;odl;idl;hpj;bat;asm;asmx</Extensions>
    </Filter>
    <Filter Include="Header Files">
      <UniqueIdentifier>{93995380-89BD-4b04-88EB-625FBE52EBFB}</UniqueIdentifier>
      <Extensions>h;hpp;hxx;hm;inl;inc;xsd</Extensions>
    </Filter>
    <Filter Include="Resource Files">
      <UniqueIdentifier>{67DA6AB6-F800-4c08-8B7A-83BB121AAD01}</UniqueIdentifier>
      <Extensions>rc;ico;cur;bmp;dlg;rc2;rct;bin;rgs;gif;jpg;jpeg;jpe;resx;tiff;tif;png;wav</Extensions>
    </Filter>
    <Filter Include="DataSources">
      <UniqueIdentifier>{311291ed-6fb7-4529-b182-cee86c3bd76d}</UniqueIdentifier>
    </Filter>
    <Filter Include="Формы winForms">
      <UniqueIdentifier>{ee4a5756-88bc-47cc-83b1-a249f3f5220b}</UniqueIdentifier>
    </Filter>
  </ItemGroup>
  <ItemGroup>
    <ClCompile Include="AssemblyInfo.cpp">
      <Filter>Source Files</Filter>
    </ClCompile>
    <ClCompile Include="ESCheckerTester.cpp">
      <Filter>Source Files</Filter>
    </ClCompile>
    <ClCompile Include="Form1.cpp">
      <Filter>Source Files</Filter>
    </ClCompile>
    <ClCompile Include="StartForm.cpp">
      <Filter>Source Files</Filter>
    </ClCompile>
    <ClCompile Include="stdafx.cpp">
      <Filter>Source Files</Filter>
    </ClCompile>
    <ClCompile Include="TFileList.cpp">
      <Filter>Source Files</Filter>
    </ClCompile>
    <ClCompile Include="..\..\..\Fixosoft-SDK\fteo\fteoNET\CLR_baseClasses.cpp">
      <Filter>Source Files</Filter>
    </ClCompile>
    <ClCompile Include="..\..\..\Fixosoft-SDK\fteo\fteoNET\MyStrMarshal.cpp">
      <Filter>Source Files</Filter>
    </ClCompile>
  </ItemGroup>
  <ItemGroup>
    <ClInclude Include="..\ESChecker\EScheker.h">
      <Filter>Header Files</Filter>
    </ClInclude>
    <ClInclude Include="Form1.h">
      <Filter>Header Files</Filter>
    </ClInclude>
    <ClInclude Include="resource.h">
      <Filter>Header Files</Filter>
    </ClInclude>
    <ClInclude Include="StartForm.h">
      <Filter>Header Files</Filter>
    </ClInclude>
    <ClInclude Include="stdafx.h">
      <Filter>Header Files</Filter>
    </ClInclude>
    <ClInclude Include="TFileList.h">
      <Filter>Header Files</Filter>
    </ClInclude>
    <ClInclude Include="..\..\Fixosoft-SDK\fteo\fteoNET\MyStrMarshal.h">
      <Filter>Header Files</Filter>
    </ClInclude>
    <ClInclude Include="..\..\..\Fixosoft-SDK\fteo\fteoNET\CLR_baseClasses.h">
      <Filter>Header Files</Filter>
    </ClInclude>
  </ItemGroup>
  <ItemGroup>
    <Image Include="app.ico">
      <Filter>Resource Files</Filter>
    </Image>
  </ItemGroup>
  <ItemGroup>
    <ResourceCompile Include="app.rc">
      <Filter>Resource Files</Filter>
    </ResourceCompile>
  </ItemGroup>
  <ItemGroup>
    <None Include="RRShema.MP_V06_data.MP.datasource">
      <Filter>DataSources</Filter>
    </None>
  </ItemGroup>
  <ItemGroup>
    <Text Include="ESCHecker_Readme.txt" />
  </ItemGroup>
  <ItemGroup>
    <EmbeddedResource Include="Form1.resx">
      <Filter>Resource Files</Filter>
    </EmbeddedResource>
    <EmbeddedResource Include="StartForm.resx">
      <Filter>Resource Files</Filter>
    </EmbeddedResource>
  </ItemGroup>
</Project>